{
  "name": "samples",
  "version": "1.0.0",
  "lockfileVersion": 3,
  "requires": true,
  "packages": {
    "": {
      "name": "samples",
      "version": "1.0.0",
      "license": "ISC",
      "devDependencies": {
        "@aws-appsync/utils": "^1.3.1"
      }
    },
    "node_modules/@aws-appsync/utils": {
      "version": "1.3.1",
      "resolved": "https://registry.npmjs.org/@aws-appsync/utils/-/utils-1.3.1.tgz",
      "integrity": "sha512-wJdB1de0t5FxU1rnIIcSkbvMrONjuRpRegAcGbReClxoqajiR+U1PP0mylHgp9X3UTMe372wkuDFFABjTXqS0g==",
      "dev": true
    }
  }
}
